
Microsoft Visual Studio Solution File, Format Version 12.00
# Visual Studio Version 16
VisualStudioVersion = 16.0.31105.61
MinimumVisualStudioVersion = 10.0.40219.1
Project("{FAE04EC0-301F-11D3-BF4B-00C04F79EFBC}") = "ProjectKlientApplication.UWP", "ProjectKlientApplication\ProjectKlientApplication.UWP\ProjectKlientApplication.UWP.csproj", "{874AB9B2-A6B6-46A5-A5D7-5694261D6525}"
EndProject
Project("{FAE04EC0-301F-11D3-BF4B-00C04F79EFBC}") = "ProjectKlientApplication.Android", "ProjectKlientApplication\ProjectKlientApplication.Android\ProjectKlientApplication.Android.csproj", "{3EDF58F3-F51C-4DC8-993D-8610A16F9AC4}"
EndProject
Project("{FAE04EC0-301F-11D3-BF4B-00C04F79EFBC}") = "ProjectKlientApplication.iOS", "ProjectKlientApplication\ProjectKlientApplication.iOS\ProjectKlientApplication.iOS.csproj", "{504EDA1D-5EC5-4C02-BF56-9149B49F43BD}"
EndProject
Project("{FAE04EC0-301F-11D3-BF4B-00C04F79EFBC}") = "ProjectKlientApplication", "ProjectKlientApplication\ProjectKlientApplication\ProjectKlientApplication.csproj", "{6CC8AC97-9E06-4C1A-BCF1-6B41253E3DC7}"
EndProject
Global
	GlobalSection(SolutionConfigurationPlatforms) = preSolution
		Debug|Any CPU = Debug|Any CPU
		Debug|ARM = Debug|ARM
		Debug|iPhone = Debug|iPhone
		Debug|iPhoneSimulator = Debug|iPhoneSimulator
		Debug|x64 = Debug|x64
		Debug|x86 = Debug|x86
		Release|Any CPU = Release|Any CPU
		Release|ARM = Release|ARM
		Release|iPhone = Release|iPhone
		Release|iPhoneSimulator = Release|iPhoneSimulator
		Release|x64 = Release|x64
		Release|x86 = Release|x86
	EndGlobalSection
	GlobalSection(ProjectConfigurationPlatforms) = postSolution
		{874AB9B2-A6B6-46A5-A5D7-5694261D6525}.Debug|Any CPU.ActiveCfg = Debug|x86
		{874AB9B2-A6B6-46A5-A5D7-5694261D6525}.Debug|Any CPU.Build.0 = Debug|x86
		{874AB9B2-A6B6-46A5-A5D7-5694261D6525}.Debug|Any CPU.Deploy.0 = Debug|x86
		{874AB9B2-A6B6-46A5-A5D7-5694261D6525}.Debug|ARM.ActiveCfg = Debug|ARM
		{874AB9B2-A6B6-46A5-A5D7-5694261D6525}.Debug|ARM.Build.0 = Debug|ARM
		{874AB9B2-A6B6-46A5-A5D7-5694261D6525}.Debug|ARM.Deploy.0 = Debug|ARM
		{874AB9B2-A6B6-46A5-A5D7-5694261D6525}.Debug|iPhone.ActiveCfg = Debug|x86
		{874AB9B2-A6B6-46A5-A5D7-5694261D6525}.Debug|iPhone.Build.0 = Debug|x86
		{874AB9B2-A6B6-46A5-A5D7-5694261D6525}.Debug|iPhone.Deploy.0 = Debug|x86
		{874AB9B2-A6B6-46A5-A5D7-5694261D6525}.Debug|iPhoneSimulator.ActiveCfg = Debug|x86
		{874AB9B2-A6B6-46A5-A5D7-5694261D6525}.Debug|iPhoneSimulator.Build.0 = Debug|x86
		{874AB9B2-A6B6-46A5-A5D7-5694261D6525}.Debug|iPhoneSimulator.Deploy.0 = Debug|x86
		{874AB9B2-A6B6-46A5-A5D7-5694261D6525}.Debug|x64.ActiveCfg = Debug|x64
		{874AB9B2-A6B6-46A5-A5D7-5694261D6525}.Debug|x64.Build.0 = Debug|x64
		{874AB9B2-A6B6-46A5-A5D7-5694261D6525}.Debug|x64.Deploy.0 = Debug|x64
		{874AB9B2-A6B6-46A5-A5D7-5694261D6525}.Debug|x86.ActiveCfg = Debug|x86
		{874AB9B2-A6B6-46A5-A5D7-5694261D6525}.Debug|x86.Build.0 = Debug|x86
		{874AB9B2-A6B6-46A5-A5D7-5694261D6525}.Debug|x86.Deploy.0 = Debug|x86
		{874AB9B2-A6B6-46A5-A5D7-5694261D6525}.Release|Any CPU.ActiveCfg = Release|x86
		{874AB9B2-A6B6-46A5-A5D7-5694261D6525}.Release|Any CPU.Build.0 = Release|x86
		{874AB9B2-A6B6-46A5-A5D7-5694261D6525}.Release|Any CPU.Deploy.0 = Release|x86
		{874AB9B2-A6B6-46A5-A5D7-5694261D6525}.Release|ARM.ActiveCfg = Release|ARM
		{874AB9B2-A6B6-46A5-A5D7-5694261D6525}.Release|ARM.Build.0 = Release|ARM
		{874AB9B2-A6B6-46A5-A5D7-5694261D6525}.Release|ARM.Deploy.0 = Release|ARM
		{874AB9B2-A6B6-46A5-A5D7-5694261D6525}.Release|iPhone.ActiveCfg = Release|x86
		{874AB9B2-A6B6-46A5-A5D7-5694261D6525}.Release|iPhone.Build.0 = Release|x86
		{874AB9B2-A6B6-46A5-A5D7-5694261D6525}.Release|iPhone.Deploy.0 = Release|x86
		{874AB9B2-A6B6-46A5-A5D7-5694261D6525}.Release|iPhoneSimulator.ActiveCfg = Release|x86
		{874AB9B2-A6B6-46A5-A5D7-5694261D6525}.Release|iPhoneSimulator.Build.0 = Release|x86
		{874AB9B2-A6B6-46A5-A5D7-5694261D6525}.Release|iPhoneSimulator.Deploy.0 = Release|x86
		{874AB9B2-A6B6-46A5-A5D7-5694261D6525}.Release|x64.ActiveCfg = Release|x64
		{874AB9B2-A6B6-46A5-A5D7-5694261D6525}.Release|x64.Build.0 = Release|x64
		{874AB9B2-A6B6-46A5-A5D7-5694261D6525}.Release|x64.Deploy.0 = Release|x64
		{874AB9B2-A6B6-46A5-A5D7-5694261D6525}.Release|x86.ActiveCfg = Release|x86
		{874AB9B2-A6B6-46A5-A5D7-5694261D6525}.Release|x86.Build.0 = Release|x86
		{874AB9B2-A6B6-46A5-A5D7-5694261D6525}.Release|x86.Deploy.0 = Release|x86
		{3EDF58F3-F51C-4DC8-993D-8610A16F9AC4}.Debug|Any CPU.ActiveCfg = Debug|Any CPU
		{3EDF58F3-F51C-4DC8-993D-8610A16F9AC4}.Debug|Any CPU.Build.0 = Debug|Any CPU
		{3EDF58F3-F51C-4DC8-993D-8610A16F9AC4}.Debug|Any CPU.Deploy.0 = Debug|Any CPU
		{3EDF58F3-F51C-4DC8-993D-8610A16F9AC4}.Debug|ARM.ActiveCfg = Debug|Any CPU
		{3EDF58F3-F51C-4DC8-993D-8610A16F9AC4}.Debug|ARM.Build.0 = Debug|Any CPU
		{3EDF58F3-F51C-4DC8-993D-8610A16F9AC4}.Debug|ARM.Deploy.0 = Debug|Any CPU
		{3EDF58F3-F51C-4DC8-993D-8610A16F9AC4}.Debug|iPhone.ActiveCfg = Debug|Any CPU
		{3EDF58F3-F51C-4DC8-993D-8610A16F9AC4}.Debug|iPhone.Build.0 = Debug|Any CPU
		{3EDF58F3-F51C-4DC8-993D-8610A16F9AC4}.Debug|iPhone.Deploy.0 = Debug|Any CPU
		{3EDF58F3-F51C-4DC8-993D-8610A16F9AC4}.Debug|iPhoneSimulator.ActiveCfg = Debug|Any CPU
		{3EDF58F3-F51C-4DC8-993D-8610A16F9AC4}.Debug|iPhoneSimulator.Build.0 = Debug|Any CPU
		{3EDF58F3-F51C-4DC8-993D-8610A16F9AC4}.Debug|iPhoneSimulator.Deploy.0 = Debug|Any CPU
		{3EDF58F3-F51C-4DC8-993D-8610A16F9AC4}.Debug|x64.ActiveCfg = Debug|Any CPU
		{3EDF58F3-F51C-4DC8-993D-8610A16F9AC4}.Debug|x64.Build.0 = Debug|Any CPU
		{3EDF58F3-F51C-4DC8-993D-8610A16F9AC4}.Debug|x64.Deploy.0 = Debug|Any CPU
		{3EDF58F3-F51C-4DC8-993D-8610A16F9AC4}.Debug|x86.ActiveCfg = Debug|Any CPU
		{3EDF58F3-F51C-4DC8-993D-8610A16F9AC4}.Debug|x86.Build.0 = Debug|Any CPU
		{3EDF58F3-F51C-4DC8-993D-8610A16F9AC4}.Debug|x86.Deploy.0 = Debug|Any CPU
		{3EDF58F3-F51C-4DC8-993D-8610A16F9AC4}.Release|Any CPU.ActiveCfg = Release|Any CPU
		{3EDF58F3-F51C-4DC8-993D-8610A16F9AC4}.Release|Any CPU.Build.0 = Release|Any CPU
		{3EDF58F3-F51C-4DC8-993D-8610A16F9AC4}.Release|Any CPU.Deploy.0 = Release|Any CPU
		{3EDF58F3-F51C-4DC8-993D-8610A16F9AC4}.Release|ARM.ActiveCfg = Release|Any CPU
		{3EDF58F3-F51C-4DC8-993D-8610A16F9AC4}.Release|ARM.Build.0 = Release|Any CPU
		{3EDF58F3-F51C-4DC8-993D-8610A16F9AC4}.Release|ARM.Deploy.0 = Release|Any CPU
		{3EDF58F3-F51C-4DC8-993D-8610A16F9AC4}.Release|iPhone.ActiveCfg = Release|Any CPU
		{3EDF58F3-F51C-4DC8-993D-8610A16F9AC4}.Release|iPhone.Build.0 = Release|Any CPU
		{3EDF58F3-F51C-4DC8-993D-8610A16F9AC4}.Release|iPhone.Deploy.0 = Release|Any CPU
		{3EDF58F3-F51C-4DC8-993D-8610A16F9AC4}.Release|iPhoneSimulator.ActiveCfg = Release|Any CPU
		{3EDF58F3-F51C-4DC8-993D-8610A16F9AC4}.Release|iPhoneSimulator.Build.0 = Release|Any CPU
		{3EDF58F3-F51C-4DC8-993D-8610A16F9AC4}.Release|iPhoneSimulator.Deploy.0 = Release|Any CPU
		{3EDF58F3-F51C-4DC8-993D-8610A16F9AC4}.Release|x64.ActiveCfg = Release|Any CPU
		{3EDF58F3-F51C-4DC8-993D-8610A16F9AC4}.Release|x64.Build.0 = Release|Any CPU
		{3EDF58F3-F51C-4DC8-993D-8610A16F9AC4}.Release|x64.Deploy.0 = Release|Any CPU
		{3EDF58F3-F51C-4DC8-993D-8610A16F9AC4}.Release|x86.ActiveCfg = Release|Any CPU
		{3EDF58F3-F51C-4DC8-993D-8610A16F9AC4}.Release|x86.Build.0 = Release|Any CPU
		{3EDF58F3-F51C-4DC8-993D-8610A16F9AC4}.Release|x86.Deploy.0 = Release|Any CPU
		{504EDA1D-5EC5-4C02-BF56-9149B49F43BD}.Debug|Any CPU.ActiveCfg = Debug|iPhoneSimulator
		{504EDA1D-5EC5-4C02-BF56-9149B49F43BD}.Debug|Any CPU.Build.0 = Debug|iPhoneSimulator
		{504EDA1D-5EC5-4C02-BF56-9149B49F43BD}.Debug|Any CPU.Deploy.0 = Debug|iPhoneSimulator
		{504EDA1D-5EC5-4C02-BF56-9149B49F43BD}.Debug|ARM.ActiveCfg = Debug|iPhone
		{504EDA1D-5EC5-4C02-BF56-9149B49F43BD}.Debug|ARM.Build.0 = Debug|iPhone
		{504EDA1D-5EC5-4C02-BF56-9149B49F43BD}.Debug|ARM.Deploy.0 = Debug|iPhone
		{504EDA1D-5EC5-4C02-BF56-9149B49F43BD}.Debug|iPhone.ActiveCfg = Debug|iPhone
		{504EDA1D-5EC5-4C02-BF56-9149B49F43BD}.Debug|iPhone.Build.0 = Debug|iPhone
		{504EDA1D-5EC5-4C02-BF56-9149B49F43BD}.Debug|iPhone.Deploy.0 = Debug|iPhone
		{504EDA1D-5EC5-4C02-BF56-9149B49F43BD}.Debug|iPhoneSimulator.ActiveCfg = Debug|iPhoneSimulator
		{504EDA1D-5EC5-4C02-BF56-9149B49F43BD}.Debug|iPhoneSimulator.Build.0 = Debug|iPhoneSimulator
		{504EDA1D-5EC5-4C02-BF56-9149B49F43BD}.Debug|iPhoneSimulator.Deploy.0 = Debug|iPhoneSimulator
		{504EDA1D-5EC5-4C02-BF56-9149B49F43BD}.Debug|x64.ActiveCfg = Debug|iPhoneSimulator
		{504EDA1D-5EC5-4C02-BF56-9149B49F43BD}.Debug|x64.Build.0 = Debug|iPhoneSimulator
		{504EDA1D-5EC5-4C02-BF56-9149B49F43BD}.Debug|x64.Deploy.0 = Debug|iPhoneSimulator
		{504EDA1D-5EC5-4C02-BF56-9149B49F43BD}.Debug|x86.ActiveCfg = Debug|iPhoneSimulator
		{504EDA1D-5EC5-4C02-BF56-9149B49F43BD}.Debug|x86.Build.0 = Debug|iPhoneSimulator
		{504EDA1D-5EC5-4C02-BF56-9149B49F43BD}.Debug|x86.Deploy.0 = Debug|iPhoneSimulator
		{504EDA1D-5EC5-4C02-BF56-9149B49F43BD}.Release|Any CPU.ActiveCfg = Release|iPhoneSimulator
		{504EDA1D-5EC5-4C02-BF56-9149B49F43BD}.Release|Any CPU.Build.0 = Release|iPhoneSimulator
		{504EDA1D-5EC5-4C02-BF56-9149B49F43BD}.Release|Any CPU.Deploy.0 = Release|iPhoneSimulator
		{504EDA1D-5EC5-4C02-BF56-9149B49F43BD}.Release|ARM.ActiveCfg = Release|iPhoneSimulator
		{504EDA1D-5EC5-4C02-BF56-9149B49F43BD}.Release|ARM.Build.0 = Release|iPhoneSimulator
		{504EDA1D-5EC5-4C02-BF56-9149B49F43BD}.Release|ARM.Deploy.0 = Release|iPhoneSimulator
		{504EDA1D-5EC5-4C02-BF56-9149B49F43BD}.Release|iPhone.ActiveCfg = Release|iPhone
		{504EDA1D-5EC5-4C02-BF56-9149B49F43BD}.Release|iPhone.Build.0 = Release|iPhone
		{504EDA1D-5EC5-4C02-BF56-9149B49F43BD}.Release|iPhone.Deploy.0 = Release|iPhone
		{504EDA1D-5EC5-4C02-BF56-9149B49F43BD}.Release|iPhoneSimulator.ActiveCfg = Release|iPhoneSimulator
		{504EDA1D-5EC5-4C02-BF56-9149B49F43BD}.Release|iPhoneSimulator.Build.0 = Release|iPhoneSimulator
		{504EDA1D-5EC5-4C02-BF56-9149B49F43BD}.Release|iPhoneSimulator.Deploy.0 = Release|iPhoneSimulator
		{504EDA1D-5EC5-4C02-BF56-9149B49F43BD}.Release|x64.ActiveCfg = Release|iPhoneSimulator
		{504EDA1D-5EC5-4C02-BF56-9149B49F43BD}.Release|x64.Build.0 = Release|iPhoneSimulator
		{504EDA1D-5EC5-4C02-BF56-9149B49F43BD}.Release|x64.Deploy.0 = Release|iPhoneSimulator
		{504EDA1D-5EC5-4C02-BF56-9149B49F43BD}.Release|x86.ActiveCfg = Release|iPhoneSimulator
		{504EDA1D-5EC5-4C02-BF56-9149B49F43BD}.Release|x86.Build.0 = Release|iPhoneSimulator
		{504EDA1D-5EC5-4C02-BF56-9149B49F43BD}.Release|x86.Deploy.0 = Release|iPhoneSimulator
		{6CC8AC97-9E06-4C1A-BCF1-6B41253E3DC7}.Debug|Any CPU.ActiveCfg = Debug|Any CPU
		{6CC8AC97-9E06-4C1A-BCF1-6B41253E3DC7}.Debug|Any CPU.Build.0 = Debug|Any CPU
		{6CC8AC97-9E06-4C1A-BCF1-6B41253E3DC7}.Debug|Any CPU.Deploy.0 = Debug|Any CPU
		{6CC8AC97-9E06-4C1A-BCF1-6B41253E3DC7}.Debug|ARM.ActiveCfg = Debug|Any CPU
		{6CC8AC97-9E06-4C1A-BCF1-6B41253E3DC7}.Debug|ARM.Build.0 = Debug|Any CPU
		{6CC8AC97-9E06-4C1A-BCF1-6B41253E3DC7}.Debug|ARM.Deploy.0 = Debug|Any CPU
		{6CC8AC97-9E06-4C1A-BCF1-6B41253E3DC7}.Debug|iPhone.ActiveCfg = Debug|Any CPU
		{6CC8AC97-9E06-4C1A-BCF1-6B41253E3DC7}.Debug|iPhone.Build.0 = Debug|Any CPU
		{6CC8AC97-9E06-4C1A-BCF1-6B41253E3DC7}.Debug|iPhone.Deploy.0 = Debug|Any CPU
		{6CC8AC97-9E06-4C1A-BCF1-6B41253E3DC7}.Debug|iPhoneSimulator.ActiveCfg = Debug|Any CPU
		{6CC8AC97-9E06-4C1A-BCF1-6B41253E3DC7}.Debug|iPhoneSimulator.Build.0 = Debug|Any CPU
		{6CC8AC97-9E06-4C1A-BCF1-6B41253E3DC7}.Debug|iPhoneSimulator.Deploy.0 = Debug|Any CPU
		{6CC8AC97-9E06-4C1A-BCF1-6B41253E3DC7}.Debug|x64.ActiveCfg = Debug|Any CPU
		{6CC8AC97-9E06-4C1A-BCF1-6B41253E3DC7}.Debug|x64.Build.0 = Debug|Any CPU
		{6CC8AC97-9E06-4C1A-BCF1-6B41253E3DC7}.Debug|x64.Deploy.0 = Debug|Any CPU
		{6CC8AC97-9E06-4C1A-BCF1-6B41253E3DC7}.Debug|x86.ActiveCfg = Debug|Any CPU
		{6CC8AC97-9E06-4C1A-BCF1-6B41253E3DC7}.Debug|x86.Build.0 = Debug|Any CPU
		{6CC8AC97-9E06-4C1A-BCF1-6B41253E3DC7}.Debug|x86.Deploy.0 = Debug|Any CPU
		{6CC8AC97-9E06-4C1A-BCF1-6B41253E3DC7}.Release|Any CPU.ActiveCfg = Release|Any CPU
		{6CC8AC97-9E06-4C1A-BCF1-6B41253E3DC7}.Release|Any CPU.Build.0 = Release|Any CPU
		{6CC8AC97-9E06-4C1A-BCF1-6B41253E3DC7}.Release|Any CPU.Deploy.0 = Release|Any CPU
		{6CC8AC97-9E06-4C1A-BCF1-6B41253E3DC7}.Release|ARM.ActiveCfg = Release|Any CPU
		{6CC8AC97-9E06-4C1A-BCF1-6B41253E3DC7}.Release|ARM.Build.0 = Release|Any CPU
		{6CC8AC97-9E06-4C1A-BCF1-6B41253E3DC7}.Release|ARM.Deploy.0 = Release|Any CPU
		{6CC8AC97-9E06-4C1A-BCF1-6B41253E3DC7}.Release|iPhone.ActiveCfg = Release|Any CPU
		{6CC8AC97-9E06-4C1A-BCF1-6B41253E3DC7}.Release|iPhone.Build.0 = Release|Any CPU
		{6CC8AC97-9E06-4C1A-BCF1-6B41253E3DC7}.Release|iPhone.Deploy.0 = Release|Any CPU
		{6CC8AC97-9E06-4C1A-BCF1-6B41253E3DC7}.Release|iPhoneSimulator.ActiveCfg = Release|Any CPU
		{6CC8AC97-9E06-4C1A-BCF1-6B41253E3DC7}.Release|iPhoneSimulator.Build.0 = Release|Any CPU
		{6CC8AC97-9E06-4C1A-BCF1-6B41253E3DC7}.Release|iPhoneSimulator.Deploy.0 = Release|Any CPU
		{6CC8AC97-9E06-4C1A-BCF1-6B41253E3DC7}.Release|x64.ActiveCfg = Release|Any CPU
		{6CC8AC97-9E06-4C1A-BCF1-6B41253E3DC7}.Release|x64.Build.0 = Release|Any CPU
		{6CC8AC97-9E06-4C1A-BCF1-6B41253E3DC7}.Release|x64.Deploy.0 = Release|Any CPU
		{6CC8AC97-9E06-4C1A-BCF1-6B41253E3DC7}.Release|x86.ActiveCfg = Release|Any CPU
		{6CC8AC97-9E06-4C1A-BCF1-6B41253E3DC7}.Release|x86.Build.0 = Release|Any CPU
		{6CC8AC97-9E06-4C1A-BCF1-6B41253E3DC7}.Release|x86.Deploy.0 = Release|Any CPU
	EndGlobalSection
	GlobalSection(SolutionProperties) = preSolution
		HideSolutionNode = FALSE
	EndGlobalSection
	GlobalSection(ExtensibilityGlobals) = postSolution
		SolutionGuid = {F4E5F735-433F-49DE-9C35-FDA6FA099CC2}
	EndGlobalSection
EndGlobal
